{
  "name": "plugins",
  "lockfileVersion": 2,
  "requires": true,
  "packages": {
    "": {
      "devDependencies": {
        "vue-cli-plugin-vuestic-ui": "~1.0.7"
      }
    },
    "node_modules/vue-cli-plugin-vuestic-ui": {
      "version": "1.0.7",
      "resolved": "https://registry.npmjs.org/vue-cli-plugin-vuestic-ui/-/vue-cli-plugin-vuestic-ui-1.0.7.tgz",
      "integrity": "sha512-9+JSYFFLd5bRx1i4Ia88a1QQW8Glc+s0gLUNu99IFg82CcAoPMwAcSOjJlKo8CkDVZREpLnJ5CuBvfaPI+bHFQ==",
      "dev": true
    }
  },
  "dependencies": {
    "vue-cli-plugin-vuestic-ui": {
      "version": "1.0.7",
      "resolved": "https://registry.npmjs.org/vue-cli-plugin-vuestic-ui/-/vue-cli-plugin-vuestic-ui-1.0.7.tgz",
      "integrity": "sha512-9+JSYFFLd5bRx1i4Ia88a1QQW8Glc+s0gLUNu99IFg82CcAoPMwAcSOjJlKo8CkDVZREpLnJ5CuBvfaPI+bHFQ==",
      "dev": true
    }
  }
}
